ninja==1.11.1
pybind11==2.11.1
sentencepiece==0.1.99
diffusers==0.36.0
einops==0.8.0
opencv-python==4.12.0.75
numpy==2.2.0
torch==2.9.0
transformers==4.57.0
torchvision==0.24.0
omegaconf==2.3.0
tqdm==4.67.0
platformdirs==4.0.0
trimesh==4.11.0
pymeshlab==2025.0
pygltflib==1.16.0
xatlas==0.0.9
rtree==1.3.0
accelerate==1.12.0
gradio==6.3.0
fastapi==0.128.0
uvicorn==0.40.0
onnxruntime==1.23.0
pydantic==2.12.0
rembg==2.0.69
huggingface_hub==0.29.0
